
Microsoft Visual Studio Solution File, Format Version 12.00
# Visual Studio Version 17
VisualStudioVersion = 17.7.34018.315
MinimumVisualStudioVersion = 10.0.40219.1
Project("{FAE04EC0-301F-11D3-BF4B-00C04F79EFBC}") = "FoodyUI", "FoodyUI\FoodyUI.csproj", "{F19FB783-0256-4061-92FC-F77012DDD947}"
EndProject
Global
	GlobalSection(SolutionConfigurationPlatforms) = preSolution
		Debug|Any CPU = Debug|Any CPU
		Release|Any CPU = Release|Any CPU
	EndGlobalSection
	GlobalSection(ProjectConfigurationPlatforms) = postSolution
		{F19FB783-0256-4061-92FC-F77012DDD947}.Debug|Any CPU.ActiveCfg = Debug|Any CPU
		{F19FB783-0256-4061-92FC-F77012DDD947}.Debug|Any CPU.Build.0 = Debug|Any CPU
		{F19FB783-0256-4061-92FC-F77012DDD947}.Release|Any CPU.ActiveCfg = Release|Any CPU
		{F19FB783-0256-4061-92FC-F77012DDD947}.Release|Any CPU.Build.0 = Release|Any CPU
	EndGlobalSection
	GlobalSection(SolutionProperties) = preSolution
		HideSolutionNode = FALSE
	EndGlobalSection
	GlobalSection(ExtensibilityGlobals) = postSolution
		SolutionGuid = {EC6DBCCE-BD16-48BA-AA18-545F7824197F}
	EndGlobalSection
EndGlobal
